// !$*UTF8*$!
{
	archiveVersion = 1;
	classes = {
	};
	objectVersion = 46;
	objects = {

/* Begin PBXBuildFile section */
		10D165A7369B6BFAE909408E /* Pods______.framework in Frameworks */ = {isa = PBXBuildFile; fileRef = 29C625C105483EAC52B6C09E /* Pods______.framework */; };
		7F1D29641D0159B9000068D5 /* Main.storyboard in Resources */ = {isa = PBXBuildFile; fileRef = 7F1D29631D0159B9000068D5 /* Main.storyboard */; };
		7F6309211D0DA3E000EDE602 /* ZLFRecommendController.m in Sources */ = {isa = PBXBuildFile; fileRef = 7F6309201D0DA3E000EDE602 /* ZLFRecommendController.m */; };
		7F6309281D0DA45E00EDE602 /* ZLFRecommdTagCell.m in Sources */ = {isa = PBXBuildFile; fileRef = 7F6309261D0DA45E00EDE602 /* ZLFRecommdTagCell.m */; };
		7F6309291D0DA45E00EDE602 /* ZLFRecommdTagCell.xib in Resources */ = {isa = PBXBuildFile; fileRef = 7F6309271D0DA45E00EDE602 /* ZLFRecommdTagCell.xib */; };
		7F63092C1D0DAB3600EDE602 /* ZLFTagsMode.m in Sources */ = {isa = PBXBuildFile; fileRef = 7F63092B1D0DAB3600EDE602 /* ZLFTagsMode.m */; };
		7F7B4D4A1D05C14900A2CF67 /* Foundation+Log.m in Sources */ = {isa = PBXBuildFile; fileRef = 7F7B4D491D05C14900A2CF67 /* Foundation+Log.m */; };
		7F7ED2B51D0651F800C37506 /* ZLFCategroyTableViewCell.m in Sources */ = {isa = PBXBuildFile; fileRef = 7F7ED2B31D0651F800C37506 /* ZLFCategroyTableViewCell.m */; };
		7F7ED2B61D0651F800C37506 /* ZLFCategroyTableViewCell.xib in Resources */ = {isa = PBXBuildFile; fileRef = 7F7ED2B41D0651F800C37506 /* ZLFCategroyTableViewCell.xib */; };
		7F7ED2B91D06554300C37506 /* ZLFcateegoryMode.m in Sources */ = {isa = PBXBuildFile; fileRef = 7F7ED2B81D06554300C37506 /* ZLFcateegoryMode.m */; };
		7F7FC96E1D06C100002F023C /* ZLFRecommUserTableViewCell.m in Sources */ = {isa = PBXBuildFile; fileRef = 7F7FC96C1D06C100002F023C /* ZLFRecommUserTableViewCell.m */; };
		7F7FC96F1D06C100002F023C /* ZLFRecommUserTableViewCell.xib in Resources */ = {isa = PBXBuildFile; fileRef = 7F7FC96D1D06C100002F023C /* ZLFRecommUserTableViewCell.xib */; };
		7FB8F20D1D0578490098AE6A /* UIBarButtonItem+ZLFUIBarButton.m in Sources */ = {isa = PBXBuildFile; fileRef = 7FB8F1EB1D0578490098AE6A /* UIBarButtonItem+ZLFUIBarButton.m */; };
		7FB8F20E1D0578490098AE6A /* UIView+ZLFUIview.m in Sources */ = {isa = PBXBuildFile; fileRef = 7FB8F1ED1D0578490098AE6A /* UIView+ZLFUIview.m */; };
		7FB8F20F1D0578490098AE6A /* main.m in Sources */ = {isa = PBXBuildFile; fileRef = 7FB8F1EE1D0578490098AE6A /* main.m */; };
		7FB8F2101D0578490098AE6A /* ZLFFriendTrendsViewController.m in Sources */ = {isa = PBXBuildFile; fileRef = 7FB8F1F31D0578490098AE6A /* ZLFFriendTrendsViewController.m */; };
		7FB8F2111D0578490098AE6A /* AppDelegate.m in Sources */ = {isa = PBXBuildFile; fileRef = 7FB8F1F61D0578490098AE6A /* AppDelegate.m */; };
		7FB8F2121D0578490098AE6A /* ZLFTabBarViewController.m in Sources */ = {isa = PBXBuildFile; fileRef = 7FB8F1F91D0578490098AE6A /* ZLFTabBarViewController.m */; };
		7FB8F2131D0578490098AE6A /* ZLFTabBar.m in Sources */ = {isa = PBXBuildFile; fileRef = 7FB8F1FD1D0578490098AE6A /* ZLFTabBar.m */; };
		7FB8F2141D0578490098AE6A /* ZLFMeViewController.m in Sources */ = {isa = PBXBuildFile; fileRef = 7FB8F2021D0578490098AE6A /* ZLFMeViewController.m */; };
		7FB8F2151D0578490098AE6A /* ZLFNewViewController.m in Sources */ = {isa = PBXBuildFile; fileRef = 7FB8F2071D0578490098AE6A /* ZLFNewViewController.m */; };
		7FB8F2161D0578490098AE6A /* ZLFEssenceViewController.m in Sources */ = {isa = PBXBuildFile; fileRef = 7FB8F20C1D0578490098AE6A /* ZLFEssenceViewController.m */; };
		7FB8F21F1D0593F10098AE6A /* ZLFNavigationControlle.m in Sources */ = {isa = PBXBuildFile; fileRef = 7FB8F21E1D0593F10098AE6A /* ZLFNavigationControlle.m */; };
		7FB8F2221D0594350098AE6A /* ZLFViewController.m in Sources */ = {isa = PBXBuildFile; fileRef = 7FB8F2211D0594350098AE6A /* ZLFViewController.m */; };
		7FB8F2241D05A2CE0098AE6A /* ZLFFriendTrendsViewController.xib in Resources */ = {isa = PBXBuildFile; fileRef = 7FB8F2231D05A2CE0098AE6A /* ZLFFriendTrendsViewController.xib */; };
		7FD2DE031D1F9E9D0050897D /* ZLFPushView.m in Sources */ = {isa = PBXBuildFile; fileRef = 7FD2DE021D1F9E9D0050897D /* ZLFPushView.m */; };
		7FD2DE071D1F9F800050897D /* ZLFPushView.xib in Resources */ = {isa = PBXBuildFile; fileRef = 7FD2DE061D1F9F800050897D /* ZLFPushView.xib */; };
		7FD7739E1D05B71600956D7F /* ZLFRecommViewController.m in Sources */ = {isa = PBXBuildFile; fileRef = 7FD7739C1D05B71600956D7F /* ZLFRecommViewController.m */; };
		7FD7739F1D05B71600956D7F /* ZLFRecommViewController.xib in Resources */ = {isa = PBXBuildFile; fileRef = 7FD7739D1D05B71600956D7F /* ZLFRecommViewController.xib */; };
		7FE796C11D07A0D500573BC7 /* ZLFRecommUsermode.m in Sources */ = {isa = PBXBuildFile; fileRef = 7FE796C01D07A0D500573BC7 /* ZLFRecommUsermode.m */; };
		7FF8CCC31D0130D000329174 /* _____.xcdatamodeld in Sources */ = {isa = PBXBuildFile; fileRef = 7FF8CCC11D0130D000329174 /* _____.xcdatamodeld */; };
		7FF8CCC51D0130D000329174 /* Assets.xcassets in Resources */ = {isa = PBXBuildFile; fileRef = 7FF8CCC41D0130D000329174 /* Assets.xcassets */; };
		7FF8CCC81D0130D000329174 /* LaunchScreen.storyboard in Resources */ = {isa = PBXBuildFile; fileRef = 7FF8CCC61D0130D000329174 /* LaunchScreen.storyboard */; };
		7FF8CCD31D0130D000329174 /* _____Tests.m in Sources */ = {isa = PBXBuildFile; fileRef = 7FF8CCD21D0130D000329174 /* _____Tests.m */; };
		7FF8CCDE1D0130D000329174 /* _____UITests.m in Sources */ = {isa = PBXBuildFile; fileRef = 7FF8CCDD1D0130D000329174 /* _____UITests.m */; };
/* End PBXBuildFile section */

/* Begin PBXContainerItemProxy section */
		7FF8CCCF1D0130D000329174 /* PBXContainerItemProxy */ = {
			isa = PBXContainerItemProxy;
			containerPortal = 7FF8CCAA1D0130D000329174 /* Project object */;
			proxyType = 1;
			remoteGlobalIDString = 7FF8CCB11D0130D000329174;
			remoteInfo = "百思不得姐";
		};
		7FF8CCDA1D0130D000329174 /* PBXContainerItemProxy */ = {
			isa = PBXContainerItemProxy;
			containerPortal = 7FF8CCAA1D0130D000329174 /* Project object */;
			proxyType = 1;
			remoteGlobalIDString = 7FF8CCB11D0130D000329174;
			remoteInfo = "百思不得姐";
		};
/* End PBXContainerItemProxy section */

/* Begin PBXFileReference section */
		29C625C105483EAC52B6C09E /* Pods______.framework */ = {isa = PBXFileReference; explicitFileType = wrapper.framework; includeInIndex = 0; path = "Pods______.framework"; sourceTree = BUILT_PRODUCTS_DIR; };
		364B13ABB9CAAF5900D87240 /* Pods-百思不得姐.debug.xcconfig */ = {isa = PBXFileReference; includeInIndex = 1; lastKnownFileType = text.xcconfig; name = "Pods-百思不得姐.debug.xcconfig"; path = "Pods/Target Support Files/Pods-百思不得姐/Pods-百思不得姐.debug.xcconfig"; sourceTree = "<group>"; };
		540E412F68B2A2D07BF0672D /* Pods-百思不得姐.release.xcconfig */ = {isa = PBXFileReference; includeInIndex = 1; lastKnownFileType = text.xcconfig; name = "Pods-百思不得姐.release.xcconfig"; path = "Pods/Target Support Files/Pods-百思不得姐/Pods-百思不得姐.release.xcconfig"; sourceTree = "<group>"; };
		7F1D29631D0159B9000068D5 /* Main.storyboard */ = {isa = PBXFileReference; fileEncoding = 4; lastKnownFileType = file.storyboard; path = Main.storyboard; sourceTree = "<group>"; };
		7F63091F1D0DA3E000EDE602 /* ZLFRecommendController.h */ = {isa = PBXFileReference; fileEncoding = 4; lastKnownFileType = sourcecode.c.h; path = ZLFRecommendController.h; sourceTree = "<group>"; };
		7F6309201D0DA3E000EDE602 /* ZLFRecommendController.m */ = {isa = PBXFileReference; fileEncoding = 4; lastKnownFileType = sourcecode.c.objc; path = ZLFRecommendController.m; sourceTree = "<group>"; };
		7F6309251D0DA45E00EDE602 /* ZLFRecommdTagCell.h */ = {isa = PBXFileReference; fileEncoding = 4; lastKnownFileType = sourcecode.c.h; path = ZLFRecommdTagCell.h; sourceTree = "<group>"; };
		7F6309261D0DA45E00EDE602 /* ZLFRecommdTagCell.m */ = {isa = PBXFileReference; fileEncoding = 4; lastKnownFileType = sourcecode.c.objc; path = ZLFRecommdTagCell.m; sourceTree = "<group>"; };
		7F6309271D0DA45E00EDE602 /* ZLFRecommdTagCell.xib */ = {isa = PBXFileReference; fileEncoding = 4; lastKnownFileType = file.xib; path = ZLFRecommdTagCell.xib; sourceTree = "<group>"; };
		7F63092A1D0DAB3600EDE602 /* ZLFTagsMode.h */ = {isa = PBXFileReference; fileEncoding = 4; lastKnownFileType = sourcecode.c.h; path = ZLFTagsMode.h; sourceTree = "<group>"; };
		7F63092B1D0DAB3600EDE602 /* ZLFTagsMode.m */ = {isa = PBXFileReference; fileEncoding = 4; lastKnownFileType = sourcecode.c.objc; path = ZLFTagsMode.m; sourceTree = "<group>"; };
		7F7B4D491D05C14900A2CF67 /* Foundation+Log.m */ = {isa = PBXFileReference; fileEncoding = 4; lastKnownFileType = sourcecode.c.objc; path = "Foundation+Log.m"; sourceTree = "<group>"; };
		7F7ED2B21D0651F800C37506 /* ZLFCategroyTableViewCell.h */ = {isa = PBXFileReference; fileEncoding = 4; lastKnownFileType = sourcecode.c.h; path = ZLFCategroyTableViewCell.h; sourceTree = "<group>"; };
		7F7ED2B31D0651F800C37506 /* ZLFCategroyTableViewCell.m */ = {isa = PBXFileReference; fileEncoding = 4; lastKnownFileType = sourcecode.c.objc; path = ZLFCategroyTableViewCell.m; sourceTree = "<group>"; };
		7F7ED2B41D0651F800C37506 /* ZLFCategroyTableViewCell.xib */ = {isa = PBXFileReference; fileEncoding = 4; lastKnownFileType = file.xib; path = ZLFCategroyTableViewCell.xib; sourceTree = "<group>"; };
		7F7ED2B71D06554300C37506 /* ZLFcateegoryMode.h */ = {isa = PBXFileReference; fileEncoding = 4; lastKnownFileType = sourcecode.c.h; path = ZLFcateegoryMode.h; sourceTree = "<group>"; };
		7F7ED2B81D06554300C37506 /* ZLFcateegoryMode.m */ = {isa = PBXFileReference; fileEncoding = 4; lastKnownFileType = sourcecode.c.objc; path = ZLFcateegoryMode.m; sourceTree = "<group>"; };
		7F7FC96B1D06C100002F023C /* ZLFRecommUserTableViewCell.h */ = {isa = PBXFileReference; fileEncoding = 4; lastKnownFileType = sourcecode.c.h; path = ZLFRecommUserTableViewCell.h; sourceTree = "<group>"; };
		7F7FC96C1D06C100002F023C /* ZLFRecommUserTableViewCell.m */ = {isa = PBXFileReference; fileEncoding = 4; lastKnownFileType = sourcecode.c.objc; path = ZLFRecommUserTableViewCell.m; sourceTree = "<group>"; };
		7F7FC96D1D06C100002F023C /* ZLFRecommUserTableViewCell.xib */ = {isa = PBXFileReference; fileEncoding = 4; lastKnownFileType = file.xib; path = ZLFRecommUserTableViewCell.xib; sourceTree = "<group>"; };
		7FB8F1EA1D0578490098AE6A /* UIBarButtonItem+ZLFUIBarButton.h */ = {isa = PBXFileReference; fileEncoding = 4; lastKnownFileType = sourcecode.c.h; path = "UIBarButtonItem+ZLFUIBarButton.h"; sourceTree = "<group>"; };
		7FB8F1EB1D0578490098AE6A /* UIBarButtonItem+ZLFUIBarButton.m */ = {isa = PBXFileReference; fileEncoding = 4; lastKnownFileType = sourcecode.c.objc; path = "UIBarButtonItem+ZLFUIBarButton.m"; sourceTree = "<group>"; };
		7FB8F1EC1D0578490098AE6A /* UIView+ZLFUIview.h */ = {isa = PBXFileReference; fileEncoding = 4; lastKnownFileType = sourcecode.c.h; path = "UIView+ZLFUIview.h"; sourceTree = "<group>"; };
		7FB8F1ED1D0578490098AE6A /* UIView+ZLFUIview.m */ = {isa = PBXFileReference; fileEncoding = 4; lastKnownFileType = sourcecode.c.objc; path = "UIView+ZLFUIview.m"; sourceTree = "<group>"; };
		7FB8F1EE1D0578490098AE6A /* main.m */ = {isa = PBXFileReference; fileEncoding = 4; lastKnownFileType = sourcecode.c.objc; name = main.m; path = ../main.m; sourceTree = "<group>"; };
		7FB8F1F21D0578490098AE6A /* ZLFFriendTrendsViewController.h */ = {isa = PBXFileReference; fileEncoding = 4; lastKnownFileType = sourcecode.c.h; path = ZLFFriendTrendsViewController.h; sourceTree = "<group>"; };
		7FB8F1F31D0578490098AE6A /* ZLFFriendTrendsViewController.m */ = {isa = PBXFileReference; fileEncoding = 4; lastKnownFileType = sourcecode.c.objc; path = ZLFFriendTrendsViewController.m; sourceTree = "<group>"; };
		7FB8F1F51D0578490098AE6A /* AppDelegate.h */ = {isa = PBXFileReference; fileEncoding = 4; lastKnownFileType = sourcecode.c.h; path = AppDelegate.h; sourceTree = "<group>"; };
		7FB8F1F61D0578490098AE6A /* AppDelegate.m */ = {isa = PBXFileReference; fileEncoding = 4; lastKnownFileType = sourcecode.c.objc; path = AppDelegate.m; sourceTree = "<group>"; };
		7FB8F1F81D0578490098AE6A /* ZLFTabBarViewController.h */ = {isa = PBXFileReference; fileEncoding = 4; lastKnownFileType = sourcecode.c.h; path = ZLFTabBarViewController.h; sourceTree = "<group>"; };
		7FB8F1F91D0578490098AE6A /* ZLFTabBarViewController.m */ = {isa = PBXFileReference; fileEncoding = 4; lastKnownFileType = sourcecode.c.objc; path = ZLFTabBarViewController.m; sourceTree = "<group>"; };
		7FB8F1FA1D0578490098AE6A /* PrefixHeader.pch */ = {isa = PBXFileReference; fileEncoding = 4; lastKnownFileType = sourcecode.c.h; path = PrefixHeader.pch; sourceTree = "<group>"; };
		7FB8F1FC1D0578490098AE6A /* ZLFTabBar.h */ = {isa = PBXFileReference; fileEncoding = 4; lastKnownFileType = sourcecode.c.h; path = ZLFTabBar.h; sourceTree = "<group>"; };
		7FB8F1FD1D0578490098AE6A /* ZLFTabBar.m */ = {isa = PBXFileReference; fileEncoding = 4; lastKnownFileType = sourcecode.c.objc; path = ZLFTabBar.m; sourceTree = "<group>"; };
		7FB8F2011D0578490098AE6A /* ZLFMeViewController.h */ = {isa = PBXFileReference; fileEncoding = 4; lastKnownFileType = sourcecode.c.h; path = ZLFMeViewController.h; sourceTree = "<group>"; };
		7FB8F2021D0578490098AE6A /* ZLFMeViewController.m */ = {isa = PBXFileReference; fileEncoding = 4; lastKnownFileType = sourcecode.c.objc; path = ZLFMeViewController.m; sourceTree = "<group>"; };
		7FB8F2061D0578490098AE6A /* ZLFNewViewController.h */ = {isa = PBXFileReference; fileEncoding = 4; lastKnownFileType = sourcecode.c.h; path = ZLFNewViewController.h; sourceTree = "<group>"; };
		7FB8F2071D0578490098AE6A /* ZLFNewViewController.m */ = {isa = PBXFileReference; fileEncoding = 4; lastKnownFileType = sourcecode.c.objc; path = ZLFNewViewController.m; sourceTree = "<group>"; };
		7FB8F20B1D0578490098AE6A /* ZLFEssenceViewController.h */ = {isa = PBXFileReference; fileEncoding = 4; lastKnownFileType = sourcecode.c.h; path = ZLFEssenceViewController.h; sourceTree = "<group>"; };
		7FB8F20C1D0578490098AE6A /* ZLFEssenceViewController.m */ = {isa = PBXFileReference; fileEncoding = 4; lastKnownFileType = sourcecode.c.objc; path = ZLFEssenceViewController.m; sourceTree = "<group>"; };
		7FB8F21D1D0593F10098AE6A /* ZLFNavigationControlle.h */ = {isa = PBXFileReference; fileEncoding = 4; lastKnownFileType = sourcecode.c.h; path = ZLFNavigationControlle.h; sourceTree = "<group>"; };
		7FB8F21E1D0593F10098AE6A /* ZLFNavigationControlle.m */ = {isa = PBXFileReference; fileEncoding = 4; lastKnownFileType = sourcecode.c.objc; path = ZLFNavigationControlle.m; sourceTree = "<group>"; };
		7FB8F2201D0594350098AE6A /* ZLFViewController.h */ = {isa = PBXFileReference; fileEncoding = 4; lastKnownFileType = sourcecode.c.h; path = ZLFViewController.h; sourceTree = "<group>"; };
		7FB8F2211D0594350098AE6A /* ZLFViewController.m */ = {isa = PBXFileReference; fileEncoding = 4; lastKnownFileType = sourcecode.c.objc; path = ZLFViewController.m; sourceTree = "<group>"; };
		7FB8F2231D05A2CE0098AE6A /* ZLFFriendTrendsViewController.xib */ = {isa = PBXFileReference; fileEncoding = 4; lastKnownFileType = file.xib; path = ZLFFriendTrendsViewController.xib; sourceTree = "<group>"; };
		7FD2DE011D1F9E9D0050897D /* ZLFPushView.h */ = {isa = PBXFileReference; fileEncoding = 4; lastKnownFileType = sourcecode.c.h; path = ZLFPushView.h; sourceTree = "<group>"; };
		7FD2DE021D1F9E9D0050897D /* ZLFPushView.m */ = {isa = PBXFileReference; fileEncoding = 4; lastKnownFileType = sourcecode.c.objc; path = ZLFPushView.m; sourceTree = "<group>"; };
		7FD2DE061D1F9F800050897D /* ZLFPushView.xib */ = {isa = PBXFileReference; fileEncoding = 4; lastKnownFileType = file.xib; path = ZLFPushView.xib; sourceTree = "<group>"; };
		7FD7739B1D05B71600956D7F /* ZLFRecommViewController.h */ = {isa = PBXFileReference; fileEncoding = 4; lastKnownFileType = sourcecode.c.h; path = ZLFRecommViewController.h; sourceTree = "<group>"; };
		7FD7739C1D05B71600956D7F /* ZLFRecommViewController.m */ = {isa = PBXFileReference; fileEncoding = 4; lastKnownFileType = sourcecode.c.objc; path = ZLFRecommViewController.m; sourceTree = "<group>"; };
		7FD7739D1D05B71600956D7F /* ZLFRecommViewController.xib */ = {isa = PBXFileReference; fileEncoding = 4; lastKnownFileType = file.xib; path = ZLFRecommViewController.xib; sourceTree = "<group>"; };
		7FE796BF1D07A0D500573BC7 /* ZLFRecommUsermode.h */ = {isa = PBXFileReference; fileEncoding = 4; lastKnownFileType = sourcecode.c.h; path = ZLFRecommUsermode.h; sourceTree = "<group>"; };
		7FE796C01D07A0D500573BC7 /* ZLFRecommUsermode.m */ = {isa = PBXFileReference; fileEncoding = 4; lastKnownFileType = sourcecode.c.objc; path = ZLFRecommUsermode.m; sourceTree = "<group>"; };
		7FF8CCB21D0130D000329174 /* 百思不得姐.app */ = {isa = PBXFileReference; explicitFileType = wrapper.application; includeInIndex = 0; path = "百思不得姐.app"; sourceTree = BUILT_PRODUCTS_DIR; };
		7FF8CCC21D0130D000329174 /* _____.xcdatamodel */ = {isa = PBXFileReference; lastKnownFileType = wrapper.xcdatamodel; path = "_____.xcdatamodel"; sourceTree = "<group>"; };
		7FF8CCC41D0130D000329174 /* Assets.xcassets */ = {isa = PBXFileReference; lastKnownFileType = folder.assetcatalog; path = Assets.xcassets; sourceTree = "<group>"; };
		7FF8CCC71D0130D000329174 /* Base */ = {isa = PBXFileReference; lastKnownFileType = file.storyboard; name = Base; path = Base.lproj/LaunchScreen.storyboard; sourceTree = "<group>"; };
		7FF8CCC91D0130D000329174 /* Info.plist */ = {isa = PBXFileReference; lastKnownFileType = text.plist.xml; path = Info.plist; sourceTree = "<group>"; };
		7FF8CCCE1D0130D000329174 /* 百思不得姐Tests.xctest */ = {isa = PBXFileReference; explicitFileType = wrapper.cfbundle; includeInIndex = 0; path = "百思不得姐Tests.xctest"; sourceTree = BUILT_PRODUCTS_DIR; };
		7FF8CCD21D0130D000329174 /* _____Tests.m */ = {isa = PBXFileReference; lastKnownFileType = sourcecode.c.objc; path = "_____Tests.m"; sourceTree = "<group>"; };
		7FF8CCD41D0130D000329174 /* Info.plist */ = {isa = PBXFileReference; lastKnownFileType = text.plist.xml; path = Info.plist; sourceTree = "<group>"; };
		7FF8CCD91D0130D000329174 /* 百思不得姐UITests.xctest */ = {isa = PBXFileReference; explicitFileType = wrapper.cfbundle; includeInIndex = 0; path = "百思不得姐UITests.xctest"; sourceTree = BUILT_PRODUCTS_DIR; };
		7FF8CCDD1D0130D000329174 /* _____UITests.m */ = {isa = PBXFileReference; lastKnownFileType = sourcecode.c.objc; path = "_____UITests.m"; sourceTree = "<group>"; };
		7FF8CCDF1D0130D000329174 /* Info.plist */ = {isa = PBXFileReference; lastKnownFileType = text.plist.xml; path = Info.plist; sourceTree = "<group>"; };
/* End PBXFileReference section */

/* Begin PBXFrameworksBuildPhase section */
		7FF8CCAF1D0130D000329174 /* Frameworks */ = {
			isa = PBXFrameworksBuildPhase;
			buildActionMask = 2147483647;
			files = (
				10D165A7369B6BFAE909408E /* Pods______.framework in Frameworks */,
			);
			runOnlyForDeploymentPostprocessing = 0;
		};
		7FF8CCCB1D0130D000329174 /* Frameworks */ = {
			isa = PBXFrameworksBuildPhase;
			buildActionMask = 2147483647;
			files = (
			);
			runOnlyForDeploymentPostprocessing = 0;
		};
		7FF8CCD61D0130D000329174 /* Frameworks */ = {
			isa = PBXFrameworksBuildPhase;
			buildActionMask = 2147483647;
			files = (
			);
			runOnlyForDeploymentPostprocessing = 0;
		};
/* End PBXFrameworksBuildPhase section */

/* Begin PBXGroup section */
		7F9928161D04FD68009B5179 /* Other 其他 */ = {
			isa = PBXGroup;
			children = (
				7FF8CCB51D0130D000329174 /* Supporting Files */,
			);
			name = "Other 其他";
			sourceTree = "<group>";
		};
		7FB8F1E81D0578490098AE6A /* Class */ = {
			isa = PBXGroup;
			children = (
				7FB8F1E91D0578490098AE6A /* Caegroy */,
				7FB8F1EF1D0578490098AE6A /* 关注 */,
				7FB8F1FE1D0578490098AE6A /* 我的 */,
				7FB8F2031D0578490098AE6A /* 新帖 */,
				7FB8F2081D0578490098AE6A /* 精华 */,
				7FB8F1F41D0578490098AE6A /* 其他 */,
			);
			path = Class;
			sourceTree = "<group>";
		};
		7FB8F1E91D0578490098AE6A /* Caegroy */ = {
			isa = PBXGroup;
			children = (
				7FB8F1EA1D0578490098AE6A /* UIBarButtonItem+ZLFUIBarButton.h */,
				7FB8F1EB1D0578490098AE6A /* UIBarButtonItem+ZLFUIBarButton.m */,
				7FB8F1EC1D0578490098AE6A /* UIView+ZLFUIview.h */,
				7FB8F1ED1D0578490098AE6A /* UIView+ZLFUIview.m */,
			);
			path = Caegroy;
			sourceTree = "<group>";
		};
		7FB8F1EF1D0578490098AE6A /* 关注 */ = {
			isa = PBXGroup;
			children = (
				7FB8F1F01D0578490098AE6A /* model */,
				7FB8F1F11D0578490098AE6A /* view */,
				7FB8F1F21D0578490098AE6A /* ZLFFriendTrendsViewController.h */,
				7FB8F1F31D0578490098AE6A /* ZLFFriendTrendsViewController.m */,
				7FB8F2231D05A2CE0098AE6A /* ZLFFriendTrendsViewController.xib */,
				7FD7739B1D05B71600956D7F /* ZLFRecommViewController.h */,
				7FD7739C1D05B71600956D7F /* ZLFRecommViewController.m */,
				7FD7739D1D05B71600956D7F /* ZLFRecommViewController.xib */,
			);
			path = "关注";
			sourceTree = "<group>";
		};
		7FB8F1F01D0578490098AE6A /* model */ = {
			isa = PBXGroup;
			children = (
				7F7ED2B71D06554300C37506 /* ZLFcateegoryMode.h */,
				7F7ED2B81D06554300C37506 /* ZLFcateegoryMode.m */,
				7FE796BF1D07A0D500573BC7 /* ZLFRecommUsermode.h */,
				7FE796C01D07A0D500573BC7 /* ZLFRecommUsermode.m */,
			);
			path = model;
			sourceTree = "<group>";
		};
		7FB8F1F11D0578490098AE6A /* view */ = {
			isa = PBXGroup;
			children = (
				7F7ED2B21D0651F800C37506 /* ZLFCategroyTableViewCell.h */,
				7F7ED2B31D0651F800C37506 /* ZLFCategroyTableViewCell.m */,
				7F7ED2B41D0651F800C37506 /* ZLFCategroyTableViewCell.xib */,
				7F7FC96B1D06C100002F023C /* ZLFRecommUserTableViewCell.h */,
				7F7FC96C1D06C100002F023C /* ZLFRecommUserTableViewCell.m */,
				7F7FC96D1D06C100002F023C /* ZLFRecommUserTableViewCell.xib */,
			);
			path = view;
			sourceTree = "<group>";
		};
		7FB8F1F41D0578490098AE6A /* 其他 */ = {
			isa = PBXGroup;
			children = (
				7FB8F1F71D0578490098AE6A /* controll */,
				7FB8F1FB1D0578490098AE6A /* view */,
				7FB8F1EE1D0578490098AE6A /* main.m */,
				7FB8F1F51D0578490098AE6A /* AppDelegate.h */,
				7FB8F1F61D0578490098AE6A /* AppDelegate.m */,
				7FB8F1FA1D0578490098AE6A /* PrefixHeader.pch */,
				7F7B4D491D05C14900A2CF67 /* Foundation+Log.m */,
			);
			path = "其他";
			sourceTree = "<group>";
		};
		7FB8F1F71D0578490098AE6A /* controll */ = {
			isa = PBXGroup;
			children = (
				7FB8F1F81D0578490098AE6A /* ZLFTabBarViewController.h */,
				7FB8F1F91D0578490098AE6A /* ZLFTabBarViewController.m */,
				7FB8F21D1D0593F10098AE6A /* ZLFNavigationControlle.h */,
				7FB8F21E1D0593F10098AE6A /* ZLFNavigationControlle.m */,
				7FB8F2201D0594350098AE6A /* ZLFViewController.h */,
				7FB8F2211D0594350098AE6A /* ZLFViewController.m */,
			);
			path = controll;
			sourceTree = "<group>";
		};
		7FB8F1FB1D0578490098AE6A /* view */ = {
			isa = PBXGroup;
			children = (
				7FB8F1FC1D0578490098AE6A /* ZLFTabBar.h */,
				7FB8F1FD1D0578490098AE6A /* ZLFTabBar.m */,
				7FD2DE011D1F9E9D0050897D /* ZLFPushView.h */,
				7FD2DE021D1F9E9D0050897D /* ZLFPushView.m */,
				7FD2DE061D1F9F800050897D /* ZLFPushView.xib */,
			);
			path = view;
			sourceTree = "<group>";
		};
		7FB8F1FE1D0578490098AE6A /* 我的 */ = {
			isa = PBXGroup;
			children = (
				7FB8F1FF1D0578490098AE6A /* model */,
				7FB8F2001D0578490098AE6A /* view */,
				7FB8F2011D0578490098AE6A /* ZLFMeViewController.h */,
				7FB8F2021D0578490098AE6A /* ZLFMeViewController.m */,
			);
			path = "我的";
			sourceTree = "<group>";
		};
		7FB8F1FF1D0578490098AE6A /* model */ = {
			isa = PBXGroup;
			children = (
			);
			path = model;
			sourceTree = "<group>";
		};
		7FB8F2001D0578490098AE6A /* view */ = {
			isa = PBXGroup;
			children = (
			);
			path = view;
			sourceTree = "<group>";
		};
		7FB8F2031D0578490098AE6A /* 新帖 */ = {
			isa = PBXGroup;
			children = (
				7FB8F2041D0578490098AE6A /* model */,
				7FB8F2051D0578490098AE6A /* view */,
				7FB8F2061D0578490098AE6A /* ZLFNewViewController.h */,
				7FB8F2071D0578490098AE6A /* ZLFNewViewController.m */,
			);
			path = "新帖";
			sourceTree = "<group>";
		};
		7FB8F2041D0578490098AE6A /* model */ = {
			isa = PBXGroup;
			children = (
			);
			path = model;
			sourceTree = "<group>";
		};
		7FB8F2051D0578490098AE6A /* view */ = {
			isa = PBXGroup;
			children = (
			);
			path = view;
			sourceTree = "<group>";
		};
		7FB8F2081D0578490098AE6A /* 精华 */ = {
			isa = PBXGroup;
			children = (
				7FB8F2091D0578490098AE6A /* model */,
				7FB8F20A1D0578490098AE6A /* view */,
				7FB8F20B1D0578490098AE6A /* ZLFEssenceViewController.h */,
				7FB8F20C1D0578490098AE6A /* ZLFEssenceViewController.m */,
				7F63091F1D0DA3E000EDE602 /* ZLFRecommendController.h */,
				7F6309201D0DA3E000EDE602 /* ZLFRecommendController.m */,
			);
			path = "精华";
			sourceTree = "<group>";
		};
		7FB8F2091D0578490098AE6A /* model */ = {
			isa = PBXGroup;
			children = (
				7F63092A1D0DAB3600EDE602 /* ZLFTagsMode.h */,
				7F63092B1D0DAB3600EDE602 /* ZLFTagsMode.m */,
			);
			path = model;
			sourceTree = "<group>";
		};
		7FB8F20A1D0578490098AE6A /* view */ = {
			isa = PBXGroup;
			children = (
				7F6309251D0DA45E00EDE602 /* ZLFRecommdTagCell.h */,
				7F6309261D0DA45E00EDE602 /* ZLFRecommdTagCell.m */,
				7F6309271D0DA45E00EDE602 /* ZLFRecommdTagCell.xib */,
			);
			path = view;
			sourceTree = "<group>";
		};
		7FF8CCA91D0130D000329174 = {
			isa = PBXGroup;
			children = (
				7FF8CCB41D0130D000329174 /* 百思不得姐 */,
				7FF8CCD11D0130D000329174 /* 百思不得姐Tests */,
				7FF8CCDC1D0130D000329174 /* 百思不得姐UITests */,
				7FF8CCB31D0130D000329174 /* Products */,
				E02284A886A2E2500CF8D551 /* Pods */,
				9F1E69CD9D100DB625C1908A /* Frameworks */,
			);
			sourceTree = "<group>";
		};
		7FF8CCB31D0130D000329174 /* Products */ = {
			isa = PBXGroup;
			children = (
				7FF8CCB21D0130D000329174 /* 百思不得姐.app */,
				7FF8CCCE1D0130D000329174 /* 百思不得姐Tests.xctest */,
				7FF8CCD91D0130D000329174 /* 百思不得姐UITests.xctest */,
			);
			name = Products;
			sourceTree = "<group>";
		};
		7FF8CCB41D0130D000329174 /* 百思不得姐 */ = {
			isa = PBXGroup;
			children = (
				7FB8F1E81D0578490098AE6A /* Class */,
				7F9928161D04FD68009B5179 /* Other 其他 */,
			);
			path = "百思不得姐";
			sourceTree = "<group>";
		};
		7FF8CCB51D0130D000329174 /* Supporting Files */ = {
			isa = PBXGroup;
			children = (
				7FF8CCC41D0130D000329174 /* Assets.xcassets */,
				7F1D29631D0159B9000068D5 /* Main.storyboard */,
				7FF8CCC61D0130D000329174 /* LaunchScreen.storyboard */,
				7FF8CCC91D0130D000329174 /* Info.plist */,
				7FF8CCC11D0130D000329174 /* _____.xcdatamodeld */,
			);
			name = "Supporting Files";
			sourceTree = "<group>";
		};
		7FF8CCD11D0130D000329174 /* 百思不得姐Tests */ = {
			isa = PBXGroup;
			children = (
				7FF8CCD21D0130D000329174 /* _____Tests.m */,
				7FF8CCD41D0130D000329174 /* Info.plist */,
			);
			path = "百思不得姐Tests";
			sourceTree = "<group>";
		};
		7FF8CCDC1D0130D000329174 /* 百思不得姐UITests */ = {
			isa = PBXGroup;
			children = (
				7FF8CCDD1D0130D000329174 /* _____UITests.m */,
				7FF8CCDF1D0130D000329174 /* Info.plist */,
			);
			path = "百思不得姐UITests";
			sourceTree = "<group>";
		};
		9F1E69CD9D100DB625C1908A /* Frameworks */ = {
			isa = PBXGroup;
			children = (
				29C625C105483EAC52B6C09E /* Pods______.framework */,
			);
			name = Frameworks;
			sourceTree = "<group>";
		};
		E02284A886A2E2500CF8D551 /* Pods */ = {
			isa = PBXGroup;
			children = (
				364B13ABB9CAAF5900D87240 /* Pods-百思不得姐.debug.xcconfig */,
				540E412F68B2A2D07BF0672D /* Pods-百思不得姐.release.xcconfig */,
			);
			name = Pods;
			sourceTree = "<group>";
		};
/* End PBXGroup section */

/* Begin PBXNativeTarget section */
		7FF8CCB11D0130D000329174 /* 百思不得姐 */ = {
			isa = PBXNativeTarget;
			buildConfigurationList = 7FF8CCE21D0130D000329174 /* Build configuration list for PBXNativeTarget "百思不得姐" */;
			buildPhases = (
				BD39BB608AD68D2C2C5CF9E1 /* 📦 Check Pods Manifest.lock */,
				7FF8CCAE1D0130D000329174 /* Sources */,
				7FF8CCAF1D0130D000329174 /* Frameworks */,
				7FF8CCB01D0130D000329174 /* Resources */,
				EFFCEBA86E31F499789BB919 /* 📦 Embed Pods Frameworks */,
				7042A89BB477A5B7A603ED15 /* 📦 Copy Pods Resources */,
			);
			buildRules = (
			);
			dependencies = (
			);
			name = "百思不得姐";
			productName = "百思不得姐";
			productReference = 7FF8CCB21D0130D000329174 /* 百思不得姐.app */;
			productType = "com.apple.product-type.application";
		};
		7FF8CCCD1D0130D000329174 /* 百思不得姐Tests */ = {
			isa = PBXNativeTarget;
			buildConfigurationList = 7FF8CCE51D0130D000329174 /* Build configuration list for PBXNativeTarget "百思不得姐Tests" */;
			buildPhases = (
				7FF8CCCA1D0130D000329174 /* Sources */,
				7FF8CCCB1D0130D000329174 /* Frameworks */,
				7FF8CCCC1D0130D000329174 /* Resources */,
			);
			buildRules = (
			);
			dependencies = (
				7FF8CCD01D0130D000329174 /* PBXTargetDependency */,
			);
			name = "百思不得姐Tests";
			productName = "百思不得姐Tests";
			productReference = 7FF8CCCE1D0130D000329174 /* 百思不得姐Tests.xctest */;
			productType = "com.apple.product-type.bundle.unit-test";
		};
		7FF8CCD81D0130D000329174 /* 百思不得姐UITests */ = {
			isa = PBXNativeTarget;
			buildConfigurationList = 7FF8CCE81D0130D000329174 /* Build configuration list for PBXNativeTarget "百思不得姐UITests" */;
			buildPhases = (
				7FF8CCD51D0130D000329174 /* Sources */,
				7FF8CCD61D0130D000329174 /* Frameworks */,
				7FF8CCD71D0130D000329174 /* Resources */,
			);
			buildRules = (
			);
			dependencies = (
				7FF8CCDB1D0130D000329174 /* PBXTargetDependency */,
			);
			name = "百思不得姐UITests";
			productName = "百思不得姐UITests";
			productReference = 7FF8CCD91D0130D000329174 /* 百思不得姐UITests.xctest */;
			productType = "com.apple.product-type.bundle.ui-testing";
		};
/* End PBXNativeTarget section */

/* Begin PBXProject section */
		7FF8CCAA1D0130D000329174 /* Project object */ = {
			isa = PBXProject;
			attributes = {
				CLASSPREFIX = ZLF;
				LastUpgradeCheck = 0720;
				ORGANIZATIONNAME = zluof;
				TargetAttributes = {
					7FF8CCB11D0130D000329174 = {
						CreatedOnToolsVersion = 7.2;
					};
					7FF8CCCD1D0130D000329174 = {
						CreatedOnToolsVersion = 7.2;
						TestTargetID = 7FF8CCB11D0130D000329174;
					};
					7FF8CCD81D0130D000329174 = {
						CreatedOnToolsVersion = 7.2;
						TestTargetID = 7FF8CCB11D0130D000329174;
					};
				};
			};
			buildConfigurationList = 7FF8CCAD1D0130D000329174 /* Build configuration list for PBXProject "百思不得姐" */;
			compatibilityVersion = "Xcode 3.2";
			developmentRegion = English;
			hasScannedForEncodings = 0;
			knownRegions = (
				en,
				Base,
			);
			mainGroup = 7FF8CCA91D0130D000329174;
			productRefGroup = 7FF8CCB31D0130D000329174 /* Products */;
			projectDirPath = "";
			projectRoot = "";
			targets = (
				7FF8CCB11D0130D000329174 /* 百思不得姐 */,
				7FF8CCCD1D0130D000329174 /* 百思不得姐Tests */,
				7FF8CCD81D0130D000329174 /* 百思不得姐UITests */,
			);
		};
/* End PBXProject section */

/* Begin PBXResourcesBuildPhase section */
		7FF8CCB01D0130D000329174 /* Resources */ = {
			isa = PBXResourcesBuildPhase;
			buildActionMask = 2147483647;
			files = (
				7F1D29641D0159B9000068D5 /* Main.storyboard in Resources */,
				7FF8CCC81D0130D000329174 /* LaunchScreen.storyboard in Resources */,
				7F7ED2B61D0651F800C37506 /* ZLFCategroyTableViewCell.xib in Resources */,
				7FD7739F1D05B71600956D7F /* ZLFRecommViewController.xib in Resources */,
				7FF8CCC51D0130D000329174 /* Assets.xcassets in Resources */,
				7FD2DE071D1F9F800050897D /* ZLFPushView.xib in Resources */,
				7F6309291D0DA45E00EDE602 /* ZLFRecommdTagCell.xib in Resources */,
				7F7FC96F1D06C100002F023C /* ZLFRecommUserTableViewCell.xib in Resources */,
				7FB8F2241D05A2CE0098AE6A /* ZLFFriendTrendsViewController.xib in Resources */,
			);
			runOnlyForDeploymentPostprocessing = 0;
		};
		7FF8CCCC1D0130D000329174 /* Resources */ = {
			isa = PBXResourcesBuildPhase;
			buildActionMask = 2147483647;
			files = (
			);
			runOnlyForDeploymentPostprocessing = 0;
		};
		7FF8CCD71D0130D000329174 /* Resources */ = {
			isa = PBXResourcesBuildPhase;
			buildActionMask = 2147483647;
			files = (
			);
			runOnlyForDeploymentPostprocessing = 0;
		};
/* End PBXResourcesBuildPhase section */

/* Begin PBXShellScriptBuildPhase section */
		7042A89BB477A5B7A603ED15 /* 📦 Copy Pods Resources */ = {
			isa = PBXShellScriptBuildPhase;
			buildActionMask = 2147483647;
			files = (
			);
			inputPaths = (
			);
			name = "📦 Copy Pods Resources";
			outputPaths = (
			);
			runOnlyForDeploymentPostprocessing = 0;
			shellPath = /bin/sh;
			shellScript = "\"${SRCROOT}/Pods/Target Support Files/Pods-百思不得姐/Pods-百思不得姐-resources.sh\"\n";
			showEnvVarsInLog = 0;
		};
		BD39BB608AD68D2C2C5CF9E1 /* 📦 Check Pods Manifest.lock */ = {
			isa = PBXShellScriptBuildPhase;
			buildActionMask = 2147483647;
			files = (
			);
			inputPaths = (
			);
			name = "📦 Check Pods Manifest.lock";
			outputPaths = (
			);
			runOnlyForDeploymentPostprocessing = 0;
			shellPath = /bin/sh;
			shellScript = "diff \"${PODS_ROOT}/../Podfile.lock\" \"${PODS_ROOT}/Manifest.lock\" > /dev/null\nif [[ $? != 0 ]] ; then\n    cat << EOM\nerror: The sandbox is not in sync with the Podfile.lock. Run 'pod install' or update your CocoaPods installation.\nEOM\n    exit 1\nfi\n";
			showEnvVarsInLog = 0;
		};
		EFFCEBA86E31F499789BB919 /* 📦 Embed Pods Frameworks */ = {
			isa = PBXShellScriptBuildPhase;
			buildActionMask = 2147483647;
			files = (
			);
			inputPaths = (
			);
			name = "📦 Embed Pods Frameworks";
			outputPaths = (
			);
			runOnlyForDeploymentPostprocessing = 0;
			shellPath = /bin/sh;
			shellScript = "\"${SRCROOT}/Pods/Target Support Files/Pods-百思不得姐/Pods-百思不得姐-frameworks.sh\"\n";
			showEnvVarsInLog = 0;
		};
/* End PBXShellScriptBuildPhase section */

/* Begin PBXSourcesBuildPhase section */
		7FF8CCAE1D0130D000329174 /* Sources */ = {
			isa = PBXSourcesBuildPhase;
			buildActionMask = 2147483647;
			files = (
				7FB8F2151D0578490098AE6A /* ZLFNewViewController.m in Sources */,
				7FE796C11D07A0D500573BC7 /* ZLFRecommUsermode.m in Sources */,
				7FB8F2101D0578490098AE6A /* ZLFFriendTrendsViewController.m in Sources */,
				7F7ED2B51D0651F800C37506 /* ZLFCategroyTableViewCell.m in Sources */,
				7FB8F20D1D0578490098AE6A /* UIBarButtonItem+ZLFUIBarButton.m in Sources */,
				7FB8F2111D0578490098AE6A /* AppDelegate.m in Sources */,
				7F63092C1D0DAB3600EDE602 /* ZLFTagsMode.m in Sources */,
				7FB8F2161D0578490098AE6A /* ZLFEssenceViewController.m in Sources */,
				7FB8F2221D0594350098AE6A /* ZLFViewController.m in Sources */,
				7FD7739E1D05B71600956D7F /* ZLFRecommViewController.m in Sources */,
				7FB8F20E1D0578490098AE6A /* UIView+ZLFUIview.m in Sources */,
				7FD2DE031D1F9E9D0050897D /* ZLFPushView.m in Sources */,
				7FB8F2121D0578490098AE6A /* ZLFTabBarViewController.m in Sources */,
				7FB8F20F1D0578490098AE6A /* main.m in Sources */,
				7F6309281D0DA45E00EDE602 /* ZLFRecommdTagCell.m in Sources */,
				7FB8F2141D0578490098AE6A /* ZLFMeViewController.m in Sources */,
				7F7FC96E1D06C100002F023C /* ZLFRecommUserTableViewCell.m in Sources */,
				7F7B4D4A1D05C14900A2CF67 /* Foundation+Log.m in Sources */,
				7F7ED2B91D06554300C37506 /* ZLFcateegoryMode.m in Sources */,
				7FB8F2131D0578490098AE6A /* ZLFTabBar.m in Sources */,
				7F6309211D0DA3E000EDE602 /* ZLFRecommendController.m in Sources */,
				7FF8CCC31D0130D000329174 /* _____.xcdatamodeld in Sources */,
				7FB8F21F1D0593F10098AE6A /* ZLFNavigationControlle.m in Sources */,
			);
			runOnlyForDeploymentPostprocessing = 0;
		};
		7FF8CCCA1D0130D000329174 /* Sources */ = {
			isa = PBXSourcesBuildPhase;
			buildActionMask = 2147483647;
			files = (
				7FF8CCD31D0130D000329174 /* _____Tests.m in Sources */,
			);
			runOnlyForDeploymentPostprocessing = 0;
		};
		7FF8CCD51D0130D000329174 /* Sources */ = {
			isa = PBXSourcesBuildPhase;
			buildActionMask = 2147483647;
			files = (
				7FF8CCDE1D0130D000329174 /* _____UITests.m in Sources */,
			);
			runOnlyForDeploymentPostprocessing = 0;
		};
/* End PBXSourcesBuildPhase section */

/* Begin PBXTargetDependency section */
		7FF8CCD01D0130D000329174 /* PBXTargetDependency */ = {
			isa = PBXTargetDependency;
			target = 7FF8CCB11D0130D000329174 /* 百思不得姐 */;
			targetProxy = 7FF8CCCF1D0130D000329174 /* PBXContainerItemProxy */;
		};
		7FF8CCDB1D0130D000329174 /* PBXTargetDependency */ = {
			isa = PBXTargetDependency;
			target = 7FF8CCB11D0130D000329174 /* 百思不得姐 */;
			targetProxy = 7FF8CCDA1D0130D000329174 /* PBXContainerItemProxy */;
		};
/* End PBXTargetDependency section */

/* Begin PBXVariantGroup section */
		7FF8CCC61D0130D000329174 /* LaunchScreen.storyboard */ = {
			isa = PBXVariantGroup;
			children = (
				7FF8CCC71D0130D000329174 /* Base */,
			);
			name = LaunchScreen.storyboard;
			sourceTree = "<group>";
		};
/* End PBXVariantGroup section */

/* Begin XCBuildConfiguration section */
		7FF8CCE01D0130D000329174 /* Debug */ = {
			isa = XCBuildConfiguration;
			buildSettings = {
				ALWAYS_SEARCH_USER_PATHS = NO;
				CLANG_CXX_LANGUAGE_STANDARD = "gnu++0x";
				CLANG_CXX_LIBRARY = "libc++";
				CLANG_ENABLE_MODULES = YES;
				CLANG_ENABLE_OBJC_ARC = YES;
				CLANG_WARN_BOOL_CONVERSION = YES;
				CLANG_WARN_CONSTANT_CONVERSION = YES;
				CLANG_WARN_DIRECT_OBJC_ISA_USAGE = YES_ERROR;
				CLANG_WARN_EMPTY_BODY = YES;
				CLANG_WARN_ENUM_CONVERSION = YES;
				CLANG_WARN_INT_CONVERSION = YES;
				CLANG_WARN_OBJC_ROOT_CLASS = YES_ERROR;
				CLANG_WARN_UNREACHABLE_CODE = YES;
				CLANG_WARN__DUPLICATE_METHOD_MATCH = YES;
				"CODE_SIGN_IDENTITY[sdk=iphoneos*]" = "iPhone Developer";
				COPY_PHASE_STRIP = NO;
				DEBUG_INFORMATION_FORMAT = dwarf;
				ENABLE_STRICT_OBJC_MSGSEND = YES;
				ENABLE_TESTABILITY = YES;
				GCC_C_LANGUAGE_STANDARD = gnu99;
				GCC_DYNAMIC_NO_PIC = NO;
				GCC_NO_COMMON_BLOCKS = YES;
				GCC_OPTIMIZATION_LEVEL = 0;
				GCC_PREPROCESSOR_DEFINITIONS = (
					"DEBUG=1",
					"$(inherited)",
				);
				GCC_WARN_64_TO_32_BIT_CONVERSION = YES;
				GCC_WARN_ABOUT_RETURN_TYPE = YES_ERROR;
				GCC_WARN_UNDECLARED_SELECTOR = YES;
				GCC_WARN_UNINITIALIZED_AUTOS = YES_AGGRESSIVE;
				GCC_WARN_UNUSED_FUNCTION = YES;
				GCC_WARN_UNUSED_VARIABLE = YES;
				IPHONEOS_DEPLOYMENT_TARGET = 9.2;
				MTL_ENABLE_DEBUG_INFO = YES;
				ONLY_ACTIVE_ARCH = YES;
				SDKROOT = iphoneos;
			};
			name = Debug;
		};
		7FF8CCE11D0130D000329174 /* Release */ = {
			isa = XCBuildConfiguration;
			buildSettings = {
				ALWAYS_SEARCH_USER_PATHS = NO;
				CLANG_CXX_LANGUAGE_STANDARD = "gnu++0x";
				CLANG_CXX_LIBRARY = "libc++";
				CLANG_ENABLE_MODULES = YES;
				CLANG_ENABLE_OBJC_ARC = YES;
				CLANG_WARN_BOOL_CONVERSION = YES;
				CLANG_WARN_CONSTANT_CONVERSION = YES;
				CLANG_WARN_DIRECT_OBJC_ISA_USAGE = YES_ERROR;
				CLANG_WARN_EMPTY_BODY = YES;
				CLANG_WARN_ENUM_CONVERSION = YES;
				CLANG_WARN_INT_CONVERSION = YES;
				CLANG_WARN_OBJC_ROOT_CLASS = YES_ERROR;
				CLANG_WARN_UNREACHABLE_CODE = YES;
				CLANG_WARN__DUPLICATE_METHOD_MATCH = YES;
				"CODE_SIGN_IDENTITY[sdk=iphoneos*]" = "iPhone Developer";
				COPY_PHASE_STRIP = NO;
				DEBUG_INFORMATION_FORMAT = "dwarf-with-dsym";
				ENABLE_NS_ASSERTIONS = NO;
				ENABLE_STRICT_OBJC_MSGSEND = YES;
				GCC_C_LANGUAGE_STANDARD = gnu99;
				GCC_NO_COMMON_BLOCKS = YES;
				GCC_WARN_64_TO_32_BIT_CONVERSION = YES;
				GCC_WARN_ABOUT_RETURN_TYPE = YES_ERROR;
				GCC_WARN_UNDECLARED_SELECTOR = YES;
				GCC_WARN_UNINITIALIZED_AUTOS = YES_AGGRESSIVE;
				GCC_WARN_UNUSED_FUNCTION = YES;
				GCC_WARN_UNUSED_VARIABLE = YES;
				IPHONEOS_DEPLOYMENT_TARGET = 9.2;
				MTL_ENABLE_DEBUG_INFO = NO;
				SDKROOT = iphoneos;
				VALIDATE_PRODUCT = YES;
			};
			name = Release;
		};
		7FF8CCE31D0130D000329174 /* Debug */ = {
			isa = XCBuildConfiguration;
			baseConfigurationReference = 364B13ABB9CAAF5900D87240 /* Pods-百思不得姐.debug.xcconfig */;
			buildSettings = {
				ASSETCATALOG_COMPILER_APPICON_NAME = AppIcon;
				ASSETCATALOG_COMPILER_LAUNCHIMAGE_NAME = LaunchImage;
				GCC_PREFIX_HEADER = "百思不得姐/Class/其他/PrefixHeader.pch";
				INFOPLIST_FILE = "百思不得姐/Info.plist";
				LD_RUNPATH_SEARCH_PATHS = "$(inherited) @executable_path/Frameworks";
				PRODUCT_BUNDLE_IDENTIFIER = "iOS--.-----";
				PRODUCT_NAME = "$(TARGET_NAME)";
			};
			name = Debug;
		};
		7FF8CCE41D0130D000329174 /* Release */ = {
			isa = XCBuildConfiguration;
			baseConfigurationReference = 540E412F68B2A2D07BF0672D /* Pods-百思不得姐.release.xcconfig */;
			buildSettings = {
				ASSETCATALOG_COMPILER_APPICON_NAME = AppIcon;
				ASSETCATALOG_COMPILER_LAUNCHIMAGE_NAME = LaunchImage;
				GCC_PREFIX_HEADER = "百思不得姐/Class/其他/PrefixHeader.pch";
				INFOPLIST_FILE = "百思不得姐/Info.plist";
				LD_RUNPATH_SEARCH_PATHS = "$(inherited) @executable_path/Frameworks";
				PRODUCT_BUNDLE_IDENTIFIER = "iOS--.-----";
				PRODUCT_NAME = "$(TARGET_NAME)";
			};
			name = Release;
		};
		7FF8CCE61D0130D000329174 /* Debug */ = {
			isa = XCBuildConfiguration;
			buildSettings = {
				BUNDLE_LOADER = "$(TEST_HOST)";
				INFOPLIST_FILE = "百思不得姐Tests/Info.plist";
				LD_RUNPATH_SEARCH_PATHS = "$(inherited) @executable_path/Frameworks @loader_path/Frameworks";
				PRODUCT_BUNDLE_IDENTIFIER = "iOS--.-----Tests";
				PRODUCT_NAME = "$(TARGET_NAME)";
				TEST_HOST = "$(BUILT_PRODUCTS_DIR)/百思不得姐.app/百思不得姐";
			};
			name = Debug;
		};
		7FF8CCE71D0130D000329174 /* Release */ = {
			isa = XCBuildConfiguration;
			buildSettings = {
				BUNDLE_LOADER = "$(TEST_HOST)";
				INFOPLIST_FILE = "百思不得姐Tests/Info.plist";
				LD_RUNPATH_SEARCH_PATHS = "$(inherited) @executable_path/Frameworks @loader_path/Frameworks";
				PRODUCT_BUNDLE_IDENTIFIER = "iOS--.-----Tests";
				PRODUCT_NAME = "$(TARGET_NAME)";
				TEST_HOST = "$(BUILT_PRODUCTS_DIR)/百思不得姐.app/百思不得姐";
			};
			name = Release;
		};
		7FF8CCE91D0130D000329174 /* Debug */ = {
			isa = XCBuildConfiguration;
			buildSettings = {
				INFOPLIST_FILE = "百思不得姐UITests/Info.plist";
				LD_RUNPATH_SEARCH_PATHS = "$(inherited) @executable_path/Frameworks @loader_path/Frameworks";
				PRODUCT_BUNDLE_IDENTIFIER = "iOS--.-----UITests";
				PRODUCT_NAME = "$(TARGET_NAME)";
				TEST_TARGET_NAME = "百思不得姐";
				USES_XCTRUNNER = YES;
			};
			name = Debug;
		};
		7FF8CCEA1D0130D000329174 /* Release */ = {
			isa = XCBuildConfiguration;
			buildSettings = {
				INFOPLIST_FILE = "百思不得姐UITests/Info.plist";
				LD_RUNPATH_SEARCH_PATHS = "$(inherited) @executable_path/Frameworks @loader_path/Frameworks";
				PRODUCT_BUNDLE_IDENTIFIER = "iOS--.-----UITests";
				PRODUCT_NAME = "$(TARGET_NAME)";
				TEST_TARGET_NAME = "百思不得姐";
				USES_XCTRUNNER = YES;
			};
			name = Release;
		};
/* End XCBuildConfiguration section */

/* Begin XCConfigurationList section */
		7FF8CCAD1D0130D000329174 /* Build configuration list for PBXProject "百思不得姐" */ = {
			isa = XCConfigurationList;
			buildConfigurations = (
				7FF8CCE01D0130D000329174 /* Debug */,
				7FF8CCE11D0130D000329174 /* Release */,
			);
			defaultConfigurationIsVisible = 0;
			defaultConfigurationName = Release;
		};
		7FF8CCE21D0130D000329174 /* Build configuration list for PBXNativeTarget "百思不得姐" */ = {
			isa = XCConfigurationList;
			buildConfigurations = (
				7FF8CCE31D0130D000329174 /* Debug */,
				7FF8CCE41D0130D000329174 /* Release */,
			);
			defaultConfigurationIsVisible = 0;
			defaultConfigurationName = Release;
		};
		7FF8CCE51D0130D000329174 /* Build configuration list for PBXNativeTarget "百思不得姐Tests" */ = {
			isa = XCConfigurationList;
			buildConfigurations = (
				7FF8CCE61D0130D000329174 /* Debug */,
				7FF8CCE71D0130D000329174 /* Release */,
			);
			defaultConfigurationIsVisible = 0;
			defaultConfigurationName = Release;
		};
		7FF8CCE81D0130D000329174 /* Build configuration list for PBXNativeTarget "百思不得姐UITests" */ = {
			isa = XCConfigurationList;
			buildConfigurations = (
				7FF8CCE91D0130D000329174 /* Debug */,
				7FF8CCEA1D0130D000329174 /* Release */,
			);
			defaultConfigurationIsVisible = 0;
			defaultConfigurationName = Release;
		};
/* End XCConfigurationList section */

/* Begin XCVersionGroup section */
		7FF8CCC11D0130D000329174 /* _____.xcdatamodeld */ = {
			isa = XCVersionGroup;
			children = (
				7FF8CCC21D0130D000329174 /* _____.xcdatamodel */,
			);
			currentVersion = 7FF8CCC21D0130D000329174 /* _____.xcdatamodel */;
			path = "_____.xcdatamodeld";
			sourceTree = "<group>";
			versionGroupType = wrapper.xcdatamodel;
		};
/* End XCVersionGroup section */
	};
	rootObject = 7FF8CCAA1D0130D000329174 /* Project object */;
}
